
Microsoft Visual Studio Solution File, Format Version 12.00
# Visual Studio Version 17
VisualStudioVersion = 17.13.35818.85
MinimumVisualStudioVersion = 10.0.40219.1
Project("{FAE04EC0-301F-11D3-BF4B-00C04F79EFBC}") = "ConsoleApp2", "ConsoleApp2\ConsoleApp2.csproj", "{EDE9355A-945B-4FA7-B423-417FBB8F9D5D}"
EndProject
Project("{2150E333-8FDC-42A3-9474-1A3956D46DE8}") = "Solution Items", "Solution Items", "{02EA681E-C7D8-13C7-8484-4AC65E1B71E8}"
	ProjectSection(SolutionItems) = preProject
		.editorconfig = .editorconfig
	EndProjectSection
EndProject
Global
	GlobalSection(SolutionConfigurationPlatforms) = preSolution
		Debug|Any CPU = Debug|Any CPU
		Release|Any CPU = Release|Any CPU
	EndGlobalSection
	GlobalSection(ProjectConfigurationPlatforms) = postSolution
		{EDE9355A-945B-4FA7-B423-417FBB8F9D5D}.Debug|Any CPU.ActiveCfg = Debug|Any CPU
		{EDE9355A-945B-4FA7-B423-417FBB8F9D5D}.Debug|Any CPU.Build.0 = Debug|Any CPU
		{EDE9355A-945B-4FA7-B423-417FBB8F9D5D}.Release|Any CPU.ActiveCfg = Release|Any CPU
		{EDE9355A-945B-4FA7-B423-417FBB8F9D5D}.Release|Any CPU.Build.0 = Release|Any CPU
	EndGlobalSection
	GlobalSection(SolutionProperties) = preSolution
		HideSolutionNode = FALSE
	EndGlobalSection
	GlobalSection(ExtensibilityGlobals) = postSolution
		SolutionGuid = {D7AADA66-BEC9-4CDC-ADA9-5B14F305CD3E}
	EndGlobalSection
EndGlobal
